
Microsoft Visual Studio Solution File, Format Version 12.00
# Visual Studio Version 17
VisualStudioVersion = 17.4.33110.190
MinimumVisualStudioVersion = 10.0.40219.1
Project("{FAE04EC0-301F-11D3-BF4B-00C04F79EFBC}") = "ADSProjectBackend", "ADSProjectBackend\ADSProjectBackend.csproj", "{0930A0B6-1396-4F7B-A267-3CE38AC47375}"
EndProject
Global
	GlobalSection(SolutionConfigurationPlatforms) = preSolution
		Debug|Any CPU = Debug|Any CPU
		Release|Any CPU = Release|Any CPU
	EndGlobalSection
	GlobalSection(ProjectConfigurationPlatforms) = postSolution
		{0930A0B6-1396-4F7B-A267-3CE38AC47375}.Debug|Any CPU.ActiveCfg = Debug|Any CPU
		{0930A0B6-1396-4F7B-A267-3CE38AC47375}.Debug|Any CPU.Build.0 = Debug|Any CPU
		{0930A0B6-1396-4F7B-A267-3CE38AC47375}.Release|Any CPU.ActiveCfg = Release|Any CPU
		{0930A0B6-1396-4F7B-A267-3CE38AC47375}.Release|Any CPU.Build.0 = Release|Any CPU
	EndGlobalSection
	GlobalSection(SolutionProperties) = preSolution
		HideSolutionNode = FALSE
	EndGlobalSection
	GlobalSection(ExtensibilityGlobals) = postSolution
		SolutionGuid = {D13BB109-0961-4E51-BBC3-AD79B7B267E4}
	EndGlobalSection
EndGlobal
